
Microsoft Visual Studio Solution File, Format Version 12.00
Project("{FAE04EC0-301F-11D3-BF4B-00C04F79EFBC}") = "PatternKit.Core", "src\PatternKit.Core\PatternKit.Core.csproj", "{467854B0-1662-4C93-A79C-2AFE61D5CB5E}"
EndProject
Project("{FAE04EC0-301F-11D3-BF4B-00C04F79EFBC}") = "PatternKit.Examples", "src\PatternKit.Examples\PatternKit.Examples.csproj", "{80469DAB-D194-4093-A13F-314B39B01DBC}"
EndProject
Project("{FAE04EC0-301F-11D3-BF4B-00C04F79EFBC}") = "PatternKit.Tests", "test\PatternKit.Tests\PatternKit.Tests.csproj", "{FAAB375A-8E06-4943-BF8B-136CB5D11A9B}"
EndProject
Project("{2150E333-8FDC-42A3-9474-1A3956D46DE8}") = "Solution Items", "Solution Items", "{6C57A958-E01A-4D6F-BA17-0F95CCAC312E}"
	ProjectSection(SolutionItems) = preProject
		.gitignore = .gitignore
		README.md = README.md
		Directory.Build.props = Directory.Build.props
	EndProjectSection
EndProject
Project("{FAE04EC0-301F-11D3-BF4B-00C04F79EFBC}") = "PatternKit.Generators", "src\PatternKit.Generators\PatternKit.Generators.csproj", "{65D56579-D6E6-48DE-A609-C08D2A29B13E}"
EndProject
Global
	GlobalSection(SolutionConfigurationPlatforms) = preSolution
		Debug|Any CPU = Debug|Any CPU
		Release|Any CPU = Release|Any CPU
	EndGlobalSection
	GlobalSection(ProjectConfigurationPlatforms) = postSolution
		{467854B0-1662-4C93-A79C-2AFE61D5CB5E}.Debug|Any CPU.ActiveCfg = Debug|Any CPU
		{467854B0-1662-4C93-A79C-2AFE61D5CB5E}.Debug|Any CPU.Build.0 = Debug|Any CPU
		{467854B0-1662-4C93-A79C-2AFE61D5CB5E}.Release|Any CPU.ActiveCfg = Release|Any CPU
		{467854B0-1662-4C93-A79C-2AFE61D5CB5E}.Release|Any CPU.Build.0 = Release|Any CPU
		{80469DAB-D194-4093-A13F-314B39B01DBC}.Debug|Any CPU.ActiveCfg = Debug|Any CPU
		{80469DAB-D194-4093-A13F-314B39B01DBC}.Debug|Any CPU.Build.0 = Debug|Any CPU
		{80469DAB-D194-4093-A13F-314B39B01DBC}.Release|Any CPU.ActiveCfg = Release|Any CPU
		{80469DAB-D194-4093-A13F-314B39B01DBC}.Release|Any CPU.Build.0 = Release|Any CPU
		{FAAB375A-8E06-4943-BF8B-136CB5D11A9B}.Debug|Any CPU.ActiveCfg = Debug|Any CPU
		{FAAB375A-8E06-4943-BF8B-136CB5D11A9B}.Debug|Any CPU.Build.0 = Debug|Any CPU
		{FAAB375A-8E06-4943-BF8B-136CB5D11A9B}.Release|Any CPU.ActiveCfg = Release|Any CPU
		{FAAB375A-8E06-4943-BF8B-136CB5D11A9B}.Release|Any CPU.Build.0 = Release|Any CPU
		{65D56579-D6E6-48DE-A609-C08D2A29B13E}.Debug|Any CPU.ActiveCfg = Debug|Any CPU
		{65D56579-D6E6-48DE-A609-C08D2A29B13E}.Debug|Any CPU.Build.0 = Debug|Any CPU
		{65D56579-D6E6-48DE-A609-C08D2A29B13E}.Release|Any CPU.ActiveCfg = Release|Any CPU
		{65D56579-D6E6-48DE-A609-C08D2A29B13E}.Release|Any CPU.Build.0 = Release|Any CPU
	EndGlobalSection
EndGlobal
